
Microsoft Visual Studio Solution File, Format Version 12.00
# Visual Studio 2012
Project("{8BC9CEB8-8B4A-11D0-8D11-00A0C91BC942}") = "Server", "Server\Server.vcxproj", "{14CFB707-582D-4CFA-B554-B20408B5A12C}"
EndProject
Project("{8BC9CEB8-8B4A-11D0-8D11-00A0C91BC942}") = "Client", "Client\Client.vcxproj", "{A180EE2A-FB1E-4E72-BD3D-F631E1614D0E}"
EndProject
Global
	GlobalSection(SolutionConfigurationPlatforms) = preSolution
		Debug|Win32 = Debug|Win32
		Debug|x64 = Debug|x64
		Release|Win32 = Release|Win32
		Release|x64 = Release|x64
	EndGlobalSection
	GlobalSection(ProjectConfigurationPlatforms) = postSolution
		{14CFB707-582D-4CFA-B554-B20408B5A12C}.Debug|Win32.ActiveCfg = Debug|Win32
		{14CFB707-582D-4CFA-B554-B20408B5A12C}.Debug|Win32.Build.0 = Debug|Win32
		{14CFB707-582D-4CFA-B554-B20408B5A12C}.Debug|x64.ActiveCfg = Debug|x64
		{14CFB707-582D-4CFA-B554-B20408B5A12C}.Debug|x64.Build.0 = Debug|x64
		{14CFB707-582D-4CFA-B554-B20408B5A12C}.Release|Win32.ActiveCfg = Release|Win32
		{14CFB707-582D-4CFA-B554-B20408B5A12C}.Release|Win32.Build.0 = Release|Win32
		{14CFB707-582D-4CFA-B554-B20408B5A12C}.Release|x64.ActiveCfg = Release|x64
		{14CFB707-582D-4CFA-B554-B20408B5A12C}.Release|x64.Build.0 = Release|x64
		{A180EE2A-FB1E-4E72-BD3D-F631E1614D0E}.Debug|Win32.ActiveCfg = Debug|Win32
		{A180EE2A-FB1E-4E72-BD3D-F631E1614D0E}.Debug|Win32.Build.0 = Debug|Win32
		{A180EE2A-FB1E-4E72-BD3D-F631E1614D0E}.Debug|x64.ActiveCfg = Debug|x64
		{A180EE2A-FB1E-4E72-BD3D-F631E1614D0E}.Debug|x64.Build.0 = Debug|x64
		{A180EE2A-FB1E-4E72-BD3D-F631E1614D0E}.Release|Win32.ActiveCfg = Release|Win32
		{A180EE2A-FB1E-4E72-BD3D-F631E1614D0E}.Release|Win32.Build.0 = Release|Win32
		{A180EE2A-FB1E-4E72-BD3D-F631E1614D0E}.Release|x64.ActiveCfg = Release|x64
		{A180EE2A-FB1E-4E72-BD3D-F631E1614D0E}.Release|x64.Build.0 = Release|x64
	EndGlobalSection
	GlobalSection(SolutionProperties) = preSolution
		HideSolutionNode = FALSE
	EndGlobalSection
EndGlobal
